
Microsoft Visual Studio Solution File, Format Version 12.00
# Visual Studio Version 17
VisualStudioVersion = 17.5.33502.453
MinimumVisualStudioVersion = 10.0.40219.1
Project("{FAE04EC0-301F-11D3-BF4B-00C04F79EFBC}") = "InputsApp", "InputsApp.csproj", "{0ED711C7-9873-4714-B430-5EE69BC58EBE}"
EndProject
Global
	GlobalSection(SolutionConfigurationPlatforms) = preSolution
		Debug|Any CPU = Debug|Any CPU
		Release|Any CPU = Release|Any CPU
	EndGlobalSection
	GlobalSection(ProjectConfigurationPlatforms) = postSolution
		{0ED711C7-9873-4714-B430-5EE69BC58EBE}.Debug|Any CPU.ActiveCfg = Debug|Any CPU
		{0ED711C7-9873-4714-B430-5EE69BC58EBE}.Debug|Any CPU.Build.0 = Debug|Any CPU
		{0ED711C7-9873-4714-B430-5EE69BC58EBE}.Release|Any CPU.ActiveCfg = Release|Any CPU
		{0ED711C7-9873-4714-B430-5EE69BC58EBE}.Release|Any CPU.Build.0 = Release|Any CPU
	EndGlobalSection
	GlobalSection(SolutionProperties) = preSolution
		HideSolutionNode = FALSE
	EndGlobalSection
	GlobalSection(ExtensibilityGlobals) = postSolution
		SolutionGuid = {2B8EEB79-08B0-4BE5-8503-C891F431A150}
	EndGlobalSection
EndGlobal
